
Microsoft Visual Studio Solution File, Format Version 12.00
# Visual Studio 15
VisualStudioVersion = 15.0.26730.3
MinimumVisualStudioVersion = 10.0.40219.1
Project("{FAE04EC0-301F-11D3-BF4B-00C04F79EFBC}") = "tests10k-xunit22", "tests10k-xunit22\tests10k-xunit22.csproj", "{5A643DEC-0541-4A76-AC01-255E0CF5AEDD}"
EndProject
Global
	GlobalSection(SolutionConfigurationPlatforms) = preSolution
		Debug|Any CPU = Debug|Any CPU
		Release|Any CPU = Release|Any CPU
	EndGlobalSection
	GlobalSection(ProjectConfigurationPlatforms) = postSolution
		{5A643DEC-0541-4A76-AC01-255E0CF5AEDD}.Debug|Any CPU.ActiveCfg = Debug|Any CPU
		{5A643DEC-0541-4A76-AC01-255E0CF5AEDD}.Debug|Any CPU.Build.0 = Debug|Any CPU
		{5A643DEC-0541-4A76-AC01-255E0CF5AEDD}.Release|Any CPU.ActiveCfg = Release|Any CPU
		{5A643DEC-0541-4A76-AC01-255E0CF5AEDD}.Release|Any CPU.Build.0 = Release|Any CPU
	EndGlobalSection
	GlobalSection(SolutionProperties) = preSolution
		HideSolutionNode = FALSE
	EndGlobalSection
	GlobalSection(ExtensibilityGlobals) = postSolution
		SolutionGuid = {6D50A019-26EC-41F4-8C71-C1049396D88C}
	EndGlobalSection
EndGlobal
