
Microsoft Visual Studio Solution File, Format Version 12.00
# Visual Studio 15
VisualStudioVersion = 15.0.26730.16
MinimumVisualStudioVersion = 10.0.40219.1
Project("{FAE04EC0-301F-11D3-BF4B-00C04F79EFBC}") = "NetCoreWildCardRef", "NetCoreWildCardRef\NetCoreWildCardRef.csproj", "{A6CC95D6-481B-49AE-B6C0-DEC676695E4E}"
EndProject
Global
	GlobalSection(SolutionConfigurationPlatforms) = preSolution
		Debug|Any CPU = Debug|Any CPU
		Release|Any CPU = Release|Any CPU
	EndGlobalSection
	GlobalSection(ProjectConfigurationPlatforms) = postSolution
		{A6CC95D6-481B-49AE-B6C0-DEC676695E4E}.Debug|Any CPU.ActiveCfg = Debug|Any CPU
		{A6CC95D6-481B-49AE-B6C0-DEC676695E4E}.Debug|Any CPU.Build.0 = Debug|Any CPU
		{A6CC95D6-481B-49AE-B6C0-DEC676695E4E}.Release|Any CPU.ActiveCfg = Release|Any CPU
		{A6CC95D6-481B-49AE-B6C0-DEC676695E4E}.Release|Any CPU.Build.0 = Release|Any CPU
	EndGlobalSection
	GlobalSection(SolutionProperties) = preSolution
		HideSolutionNode = FALSE
	EndGlobalSection
	GlobalSection(ExtensibilityGlobals) = postSolution
		SolutionGuid = {BEDD0561-70C0-4CA7-8DE7-26203AC6B115}
	EndGlobalSection
EndGlobal
