
Microsoft Visual Studio Solution File, Format Version 12.00
# Visual Studio 15
VisualStudioVersion = 15.0.26730.0
MinimumVisualStudioVersion = 10.0.40219.1
Project("{8BC9CEB8-8B4A-11D0-8D11-00A0C91BC942}") = "UnitTest1", "UnitTest1\UnitTest1.vcxproj", "{3BA68D0D-AD03-4BA8-8C3B-2C5C223159F3}"
EndProject
Project("{8BC9CEB8-8B4A-11D0-8D11-00A0C91BC942}") = "UnitTest2", "UnitTest2\UnitTest2.vcxproj", "{81BDE008-ACBC-479E-B0F6-E0A2D7154A5C}"
EndProject
Project("{8BC9CEB8-8B4A-11D0-8D11-00A0C91BC942}") = "UnitTest3", "UnitTest3\UnitTest3.vcxproj", "{F8FD531D-B5AB-4910-8CDB-3CC3C6E207C5}"
EndProject
Project("{8BC9CEB8-8B4A-11D0-8D11-00A0C91BC942}") = "UnitTest4", "UnitTest4\UnitTest4.vcxproj", "{8BDB10D9-ADAD-4C56-A3A7-299C0182D33E}"
EndProject
Project("{8BC9CEB8-8B4A-11D0-8D11-00A0C91BC942}") = "UnitTest5", "UnitTest5\UnitTest5.vcxproj", "{29C15605-CC65-4543-BA69-151D5DDD4F02}"
EndProject
Project("{8BC9CEB8-8B4A-11D0-8D11-00A0C91BC942}") = "UnitTest6", "UnitTest6\UnitTest6.vcxproj", "{1FD7091F-B210-4A6E-BB9E-AD158B8C3B57}"
EndProject
Project("{8BC9CEB8-8B4A-11D0-8D11-00A0C91BC942}") = "UnitTest7", "UnitTest7\UnitTest7.vcxproj", "{B7588452-553E-49A1-927B-F94A879E042C}"
EndProject
Project("{8BC9CEB8-8B4A-11D0-8D11-00A0C91BC942}") = "UnitTest8", "UnitTest8\UnitTest8.vcxproj", "{FF359E24-CEDC-44BE-BDD4-24FC6C2205E7}"
EndProject
Project("{8BC9CEB8-8B4A-11D0-8D11-00A0C91BC942}") = "UnitTest9", "UnitTest9\UnitTest9.vcxproj", "{F77D8318-0A7E-4D08-AF3B-DAFF53B40B1C}"
EndProject
Project("{8BC9CEB8-8B4A-11D0-8D11-00A0C91BC942}") = "scaletest-mstest-cpp", "scaletest-mstest-cpp\scaletest-mstest-cpp.vcxproj", "{3CC7E8C2-0863-4AF2-8B35-D582C322A8D4}"
EndProject
Project("{8BC9CEB8-8B4A-11D0-8D11-00A0C91BC942}") = "UnitTest10", "UnitTest10\UnitTest10.vcxproj", "{C92E1133-FED5-495E-9256-6A2FC78B8F70}"
EndProject
Global
	GlobalSection(SolutionConfigurationPlatforms) = preSolution
		Debug|x64 = Debug|x64
		Debug|x86 = Debug|x86
		Release|x64 = Release|x64
		Release|x86 = Release|x86
	EndGlobalSection
	GlobalSection(ProjectConfigurationPlatforms) = postSolution
		{3BA68D0D-AD03-4BA8-8C3B-2C5C223159F3}.Debug|x64.ActiveCfg = Debug|x64
		{3BA68D0D-AD03-4BA8-8C3B-2C5C223159F3}.Debug|x64.Build.0 = Debug|x64
		{3BA68D0D-AD03-4BA8-8C3B-2C5C223159F3}.Debug|x86.ActiveCfg = Debug|Win32
		{3BA68D0D-AD03-4BA8-8C3B-2C5C223159F3}.Debug|x86.Build.0 = Debug|Win32
		{3BA68D0D-AD03-4BA8-8C3B-2C5C223159F3}.Release|x64.ActiveCfg = Release|x64
		{3BA68D0D-AD03-4BA8-8C3B-2C5C223159F3}.Release|x64.Build.0 = Release|x64
		{3BA68D0D-AD03-4BA8-8C3B-2C5C223159F3}.Release|x86.ActiveCfg = Release|Win32
		{3BA68D0D-AD03-4BA8-8C3B-2C5C223159F3}.Release|x86.Build.0 = Release|Win32
		{81BDE008-ACBC-479E-B0F6-E0A2D7154A5C}.Debug|x64.ActiveCfg = Debug|x64
		{81BDE008-ACBC-479E-B0F6-E0A2D7154A5C}.Debug|x64.Build.0 = Debug|x64
		{81BDE008-ACBC-479E-B0F6-E0A2D7154A5C}.Debug|x86.ActiveCfg = Debug|Win32
		{81BDE008-ACBC-479E-B0F6-E0A2D7154A5C}.Debug|x86.Build.0 = Debug|Win32
		{81BDE008-ACBC-479E-B0F6-E0A2D7154A5C}.Release|x64.ActiveCfg = Release|x64
		{81BDE008-ACBC-479E-B0F6-E0A2D7154A5C}.Release|x64.Build.0 = Release|x64
		{81BDE008-ACBC-479E-B0F6-E0A2D7154A5C}.Release|x86.ActiveCfg = Release|Win32
		{81BDE008-ACBC-479E-B0F6-E0A2D7154A5C}.Release|x86.Build.0 = Release|Win32
		{F8FD531D-B5AB-4910-8CDB-3CC3C6E207C5}.Debug|x64.ActiveCfg = Debug|x64
		{F8FD531D-B5AB-4910-8CDB-3CC3C6E207C5}.Debug|x64.Build.0 = Debug|x64
		{F8FD531D-B5AB-4910-8CDB-3CC3C6E207C5}.Debug|x86.ActiveCfg = Debug|Win32
		{F8FD531D-B5AB-4910-8CDB-3CC3C6E207C5}.Debug|x86.Build.0 = Debug|Win32
		{F8FD531D-B5AB-4910-8CDB-3CC3C6E207C5}.Release|x64.ActiveCfg = Release|x64
		{F8FD531D-B5AB-4910-8CDB-3CC3C6E207C5}.Release|x64.Build.0 = Release|x64
		{F8FD531D-B5AB-4910-8CDB-3CC3C6E207C5}.Release|x86.ActiveCfg = Release|Win32
		{F8FD531D-B5AB-4910-8CDB-3CC3C6E207C5}.Release|x86.Build.0 = Release|Win32
		{8BDB10D9-ADAD-4C56-A3A7-299C0182D33E}.Debug|x64.ActiveCfg = Debug|x64
		{8BDB10D9-ADAD-4C56-A3A7-299C0182D33E}.Debug|x64.Build.0 = Debug|x64
		{8BDB10D9-ADAD-4C56-A3A7-299C0182D33E}.Debug|x86.ActiveCfg = Debug|Win32
		{8BDB10D9-ADAD-4C56-A3A7-299C0182D33E}.Debug|x86.Build.0 = Debug|Win32
		{8BDB10D9-ADAD-4C56-A3A7-299C0182D33E}.Release|x64.ActiveCfg = Release|x64
		{8BDB10D9-ADAD-4C56-A3A7-299C0182D33E}.Release|x64.Build.0 = Release|x64
		{8BDB10D9-ADAD-4C56-A3A7-299C0182D33E}.Release|x86.ActiveCfg = Release|Win32
		{8BDB10D9-ADAD-4C56-A3A7-299C0182D33E}.Release|x86.Build.0 = Release|Win32
		{29C15605-CC65-4543-BA69-151D5DDD4F02}.Debug|x64.ActiveCfg = Debug|x64
		{29C15605-CC65-4543-BA69-151D5DDD4F02}.Debug|x64.Build.0 = Debug|x64
		{29C15605-CC65-4543-BA69-151D5DDD4F02}.Debug|x86.ActiveCfg = Debug|Win32
		{29C15605-CC65-4543-BA69-151D5DDD4F02}.Debug|x86.Build.0 = Debug|Win32
		{29C15605-CC65-4543-BA69-151D5DDD4F02}.Release|x64.ActiveCfg = Release|x64
		{29C15605-CC65-4543-BA69-151D5DDD4F02}.Release|x64.Build.0 = Release|x64
		{29C15605-CC65-4543-BA69-151D5DDD4F02}.Release|x86.ActiveCfg = Release|Win32
		{29C15605-CC65-4543-BA69-151D5DDD4F02}.Release|x86.Build.0 = Release|Win32
		{1FD7091F-B210-4A6E-BB9E-AD158B8C3B57}.Debug|x64.ActiveCfg = Debug|x64
		{1FD7091F-B210-4A6E-BB9E-AD158B8C3B57}.Debug|x64.Build.0 = Debug|x64
		{1FD7091F-B210-4A6E-BB9E-AD158B8C3B57}.Debug|x86.ActiveCfg = Debug|Win32
		{1FD7091F-B210-4A6E-BB9E-AD158B8C3B57}.Debug|x86.Build.0 = Debug|Win32
		{1FD7091F-B210-4A6E-BB9E-AD158B8C3B57}.Release|x64.ActiveCfg = Release|x64
		{1FD7091F-B210-4A6E-BB9E-AD158B8C3B57}.Release|x64.Build.0 = Release|x64
		{1FD7091F-B210-4A6E-BB9E-AD158B8C3B57}.Release|x86.ActiveCfg = Release|Win32
		{1FD7091F-B210-4A6E-BB9E-AD158B8C3B57}.Release|x86.Build.0 = Release|Win32
		{B7588452-553E-49A1-927B-F94A879E042C}.Debug|x64.ActiveCfg = Debug|x64
		{B7588452-553E-49A1-927B-F94A879E042C}.Debug|x64.Build.0 = Debug|x64
		{B7588452-553E-49A1-927B-F94A879E042C}.Debug|x86.ActiveCfg = Debug|Win32
		{B7588452-553E-49A1-927B-F94A879E042C}.Debug|x86.Build.0 = Debug|Win32
		{B7588452-553E-49A1-927B-F94A879E042C}.Release|x64.ActiveCfg = Release|x64
		{B7588452-553E-49A1-927B-F94A879E042C}.Release|x64.Build.0 = Release|x64
		{B7588452-553E-49A1-927B-F94A879E042C}.Release|x86.ActiveCfg = Release|Win32
		{B7588452-553E-49A1-927B-F94A879E042C}.Release|x86.Build.0 = Release|Win32
		{FF359E24-CEDC-44BE-BDD4-24FC6C2205E7}.Debug|x64.ActiveCfg = Debug|x64
		{FF359E24-CEDC-44BE-BDD4-24FC6C2205E7}.Debug|x64.Build.0 = Debug|x64
		{FF359E24-CEDC-44BE-BDD4-24FC6C2205E7}.Debug|x86.ActiveCfg = Debug|Win32
		{FF359E24-CEDC-44BE-BDD4-24FC6C2205E7}.Debug|x86.Build.0 = Debug|Win32
		{FF359E24-CEDC-44BE-BDD4-24FC6C2205E7}.Release|x64.ActiveCfg = Release|x64
		{FF359E24-CEDC-44BE-BDD4-24FC6C2205E7}.Release|x64.Build.0 = Release|x64
		{FF359E24-CEDC-44BE-BDD4-24FC6C2205E7}.Release|x86.ActiveCfg = Release|Win32
		{FF359E24-CEDC-44BE-BDD4-24FC6C2205E7}.Release|x86.Build.0 = Release|Win32
		{F77D8318-0A7E-4D08-AF3B-DAFF53B40B1C}.Debug|x64.ActiveCfg = Debug|x64
		{F77D8318-0A7E-4D08-AF3B-DAFF53B40B1C}.Debug|x64.Build.0 = Debug|x64
		{F77D8318-0A7E-4D08-AF3B-DAFF53B40B1C}.Debug|x86.ActiveCfg = Debug|Win32
		{F77D8318-0A7E-4D08-AF3B-DAFF53B40B1C}.Debug|x86.Build.0 = Debug|Win32
		{F77D8318-0A7E-4D08-AF3B-DAFF53B40B1C}.Release|x64.ActiveCfg = Release|x64
		{F77D8318-0A7E-4D08-AF3B-DAFF53B40B1C}.Release|x64.Build.0 = Release|x64
		{F77D8318-0A7E-4D08-AF3B-DAFF53B40B1C}.Release|x86.ActiveCfg = Release|Win32
		{F77D8318-0A7E-4D08-AF3B-DAFF53B40B1C}.Release|x86.Build.0 = Release|Win32
		{3CC7E8C2-0863-4AF2-8B35-D582C322A8D4}.Debug|x64.ActiveCfg = Debug|x64
		{3CC7E8C2-0863-4AF2-8B35-D582C322A8D4}.Debug|x64.Build.0 = Debug|x64
		{3CC7E8C2-0863-4AF2-8B35-D582C322A8D4}.Debug|x86.ActiveCfg = Debug|Win32
		{3CC7E8C2-0863-4AF2-8B35-D582C322A8D4}.Debug|x86.Build.0 = Debug|Win32
		{3CC7E8C2-0863-4AF2-8B35-D582C322A8D4}.Release|x64.ActiveCfg = Release|x64
		{3CC7E8C2-0863-4AF2-8B35-D582C322A8D4}.Release|x64.Build.0 = Release|x64
		{3CC7E8C2-0863-4AF2-8B35-D582C322A8D4}.Release|x86.ActiveCfg = Release|Win32
		{3CC7E8C2-0863-4AF2-8B35-D582C322A8D4}.Release|x86.Build.0 = Release|Win32
		{C92E1133-FED5-495E-9256-6A2FC78B8F70}.Debug|x64.ActiveCfg = Debug|x64
		{C92E1133-FED5-495E-9256-6A2FC78B8F70}.Debug|x64.Build.0 = Debug|x64
		{C92E1133-FED5-495E-9256-6A2FC78B8F70}.Debug|x86.ActiveCfg = Debug|Win32
		{C92E1133-FED5-495E-9256-6A2FC78B8F70}.Debug|x86.Build.0 = Debug|Win32
		{C92E1133-FED5-495E-9256-6A2FC78B8F70}.Release|x64.ActiveCfg = Release|x64
		{C92E1133-FED5-495E-9256-6A2FC78B8F70}.Release|x64.Build.0 = Release|x64
		{C92E1133-FED5-495E-9256-6A2FC78B8F70}.Release|x86.ActiveCfg = Release|Win32
		{C92E1133-FED5-495E-9256-6A2FC78B8F70}.Release|x86.Build.0 = Release|Win32
	EndGlobalSection
	GlobalSection(SolutionProperties) = preSolution
		HideSolutionNode = FALSE
	EndGlobalSection
	GlobalSection(ExtensibilityGlobals) = postSolution
		SolutionGuid = {29B87C51-70DD-4639-BE12-EB7B889E6BE4}
	EndGlobalSection
EndGlobal
