
Microsoft Visual Studio Solution File, Format Version 12.00
# Visual Studio 15
VisualStudioVersion = 15.0.26730.12
MinimumVisualStudioVersion = 10.0.40219.1
Project("{FAE04EC0-301F-11D3-BF4B-00C04F79EFBC}") = "NunitTest", "NunitTest\NunitTest.csproj", "{4D29BDE4-D3D2-42C5-BD5C-E08BF0F10560}"
EndProject
Global
	GlobalSection(SolutionConfigurationPlatforms) = preSolution
		Debug|Any CPU = Debug|Any CPU
		Release|Any CPU = Release|Any CPU
	EndGlobalSection
	GlobalSection(ProjectConfigurationPlatforms) = postSolution
		{4D29BDE4-D3D2-42C5-BD5C-E08BF0F10560}.Debug|Any CPU.ActiveCfg = Debug|Any CPU
		{4D29BDE4-D3D2-42C5-BD5C-E08BF0F10560}.Debug|Any CPU.Build.0 = Debug|Any CPU
		{4D29BDE4-D3D2-42C5-BD5C-E08BF0F10560}.Release|Any CPU.ActiveCfg = Release|Any CPU
		{4D29BDE4-D3D2-42C5-BD5C-E08BF0F10560}.Release|Any CPU.Build.0 = Release|Any CPU
	EndGlobalSection
	GlobalSection(SolutionProperties) = preSolution
		HideSolutionNode = FALSE
	EndGlobalSection
	GlobalSection(ExtensibilityGlobals) = postSolution
		SolutionGuid = {D5518DD2-E83F-4B06-B0C1-77FDCA50C0FD}
	EndGlobalSection
EndGlobal
